
Microsoft Visual Studio Solution File, Format Version 12.00
# Visual Studio Version 17
VisualStudioVersion = 17.5.33424.131
MinimumVisualStudioVersion = 10.0.40219.1
Project("{8BC9CEB8-8B4A-11D0-8D11-00A0C91BC942}") = "DLink", "DLink\DLink.vcxproj", "{C606B4BB-8B45-40F4-B2DB-B2C82E9F3A75}"
EndProject
Global
	GlobalSection(SolutionConfigurationPlatforms) = preSolution
		Debug|x64 = Debug|x64
		Debug|x86 = Debug|x86
		Release|x64 = Release|x64
		Release|x86 = Release|x86
	EndGlobalSection
	GlobalSection(ProjectConfigurationPlatforms) = postSolution
		{C606B4BB-8B45-40F4-B2DB-B2C82E9F3A75}.Debug|x64.ActiveCfg = Debug|x64
		{C606B4BB-8B45-40F4-B2DB-B2C82E9F3A75}.Debug|x64.Build.0 = Debug|x64
		{C606B4BB-8B45-40F4-B2DB-B2C82E9F3A75}.Debug|x86.ActiveCfg = Debug|Win32
		{C606B4BB-8B45-40F4-B2DB-B2C82E9F3A75}.Debug|x86.Build.0 = Debug|Win32
		{C606B4BB-8B45-40F4-B2DB-B2C82E9F3A75}.Release|x64.ActiveCfg = Release|x64
		{C606B4BB-8B45-40F4-B2DB-B2C82E9F3A75}.Release|x64.Build.0 = Release|x64
		{C606B4BB-8B45-40F4-B2DB-B2C82E9F3A75}.Release|x86.ActiveCfg = Release|Win32
		{C606B4BB-8B45-40F4-B2DB-B2C82E9F3A75}.Release|x86.Build.0 = Release|Win32
	EndGlobalSection
	GlobalSection(SolutionProperties) = preSolution
		HideSolutionNode = FALSE
	EndGlobalSection
	GlobalSection(ExtensibilityGlobals) = postSolution
		SolutionGuid = {F967B5D1-B0E9-4238-8563-AC1C46F83516}
	EndGlobalSection
EndGlobal
